
Microsoft Visual Studio Solution File, Format Version 12.00
# Visual Studio 2013
VisualStudioVersion = 12.0.31101.0
MinimumVisualStudioVersion = 10.0.40219.1
Project("{FAE04EC0-301F-11D3-BF4B-00C04F79EFBC}") = "TwitchLib", "TwitchLib\TwitchLib.csproj", "{548E4257-84FD-4670-9135-C3A6956EF407}"
EndProject
Project("{FAE04EC0-301F-11D3-BF4B-00C04F79EFBC}") = "IRCLib", "IRCLib\IRCLib.csproj", "{47A4A106-9930-4F70-BE68-6C06C02988BC}"
EndProject
Project("{FAE04EC0-301F-11D3-BF4B-00C04F79EFBC}") = "xTest", "xTest\xTest.csproj", "{F25C02D4-677E-4A93-8419-342D2CF1A484}"
EndProject
Global
	GlobalSection(SolutionConfigurationPlatforms) = preSolution
		Debug|Any CPU = Debug|Any CPU
		Release|Any CPU = Release|Any CPU
	EndGlobalSection
	GlobalSection(ProjectConfigurationPlatforms) = postSolution
		{548E4257-84FD-4670-9135-C3A6956EF407}.Debug|Any CPU.ActiveCfg = Debug|Any CPU
		{548E4257-84FD-4670-9135-C3A6956EF407}.Debug|Any CPU.Build.0 = Debug|Any CPU
		{548E4257-84FD-4670-9135-C3A6956EF407}.Release|Any CPU.ActiveCfg = Release|Any CPU
		{548E4257-84FD-4670-9135-C3A6956EF407}.Release|Any CPU.Build.0 = Release|Any CPU
		{47A4A106-9930-4F70-BE68-6C06C02988BC}.Debug|Any CPU.ActiveCfg = Debug|Any CPU
		{47A4A106-9930-4F70-BE68-6C06C02988BC}.Debug|Any CPU.Build.0 = Debug|Any CPU
		{47A4A106-9930-4F70-BE68-6C06C02988BC}.Release|Any CPU.ActiveCfg = Release|Any CPU
		{47A4A106-9930-4F70-BE68-6C06C02988BC}.Release|Any CPU.Build.0 = Release|Any CPU
		{F25C02D4-677E-4A93-8419-342D2CF1A484}.Debug|Any CPU.ActiveCfg = Debug|Any CPU
		{F25C02D4-677E-4A93-8419-342D2CF1A484}.Debug|Any CPU.Build.0 = Debug|Any CPU
		{F25C02D4-677E-4A93-8419-342D2CF1A484}.Release|Any CPU.ActiveCfg = Release|Any CPU
		{F25C02D4-677E-4A93-8419-342D2CF1A484}.Release|Any CPU.Build.0 = Release|Any CPU
	EndGlobalSection
	GlobalSection(SolutionProperties) = preSolution
		HideSolutionNode = FALSE
	EndGlobalSection
EndGlobal
